// !$*UTF8*$!
{
	archiveVersion = 1;
	classes = {
	};
	objectVersion = 48;
	objects = {

/* Begin PBXBuildFile section */
		3EC57AF21FC2BCB90063C7EA /* AppDelegate.swift in Sources */ = {isa = PBXBuildFile; fileRef = 3EC57AF11FC2BCB90063C7EA /* AppDelegate.swift */; };
		3EC57AF41FC2BCB90063C7EA /* ViewController.swift in Sources */ = {isa = PBXBuildFile; fileRef = 3EC57AF31FC2BCB90063C7EA /* ViewController.swift */; };
		3EC57AF71FC2BCB90063C7EA /* Main.storyboard in Resources */ = {isa = PBXBuildFile; fileRef = 3EC57AF51FC2BCB90063C7EA /* Main.storyboard */; };
		3EC57AFC1FC2BCB90063C7EA /* LaunchScreen.storyboard in Resources */ = {isa = PBXBuildFile; fileRef = 3EC57AFA1FC2BCB90063C7EA /* LaunchScreen.storyboard */; };
		A0EAE3791FD79BC600EE8F27 /* Media.xcassets in Resources */ = {isa = PBXBuildFile; fileRef = A0EAE3781FD79BC600EE8F27 /* Media.xcassets */; };
		A0EAE37B1FD7D04900EE8F27 /* HomeController.swift in Sources */ = {isa = PBXBuildFile; fileRef = A0EAE37A1FD7D04900EE8F27 /* HomeController.swift */; };
		A0EAE37D1FD7D0D200EE8F27 /* JianzhituijianTableCell.swift in Sources */ = {isa = PBXBuildFile; fileRef = A0EAE37C1FD7D0D200EE8F27 /* JianzhituijianTableCell.swift */; };
/* End PBXBuildFile section */

/* Begin PBXFileReference section */
		3EC57AEE1FC2BCB90063C7EA /* CatPartTimeJob.app */ = {isa = PBXFileReference; explicitFileType = wrapper.application; includeInIndex = 0; path = CatPartTimeJob.app; sourceTree = BUILT_PRODUCTS_DIR; };
		3EC57AF11FC2BCB90063C7EA /* AppDelegate.swift */ = {isa = PBXFileReference; lastKnownFileType = sourcecode.swift; path = AppDelegate.swift; sourceTree = "<group>"; };
		3EC57AF31FC2BCB90063C7EA /* ViewController.swift */ = {isa = PBXFileReference; lastKnownFileType = sourcecode.swift; path = ViewController.swift; sourceTree = "<group>"; };
		3EC57AF61FC2BCB90063C7EA /* Base */ = {isa = PBXFileReference; lastKnownFileType = file.storyboard; name = Base; path = Base.lproj/Main.storyboard; sourceTree = "<group>"; };
		3EC57AFB1FC2BCB90063C7EA /* Base */ = {isa = PBXFileReference; lastKnownFileType = file.storyboard; name = Base; path = Base.lproj/LaunchScreen.storyboard; sourceTree = "<group>"; };
		3EC57AFD1FC2BCB90063C7EA /* Info.plist */ = {isa = PBXFileReference; lastKnownFileType = text.plist.xml; path = Info.plist; sourceTree = "<group>"; };
		A0EAE3781FD79BC600EE8F27 /* Media.xcassets */ = {isa = PBXFileReference; lastKnownFileType = folder.assetcatalog; path = Media.xcassets; sourceTree = "<group>"; };
		A0EAE37A1FD7D04900EE8F27 /* HomeController.swift */ = {isa = PBXFileReference; lastKnownFileType = sourcecode.swift; path = HomeController.swift; sourceTree = "<group>"; };
		A0EAE37C1FD7D0D200EE8F27 /* JianzhituijianTableCell.swift */ = {isa = PBXFileReference; lastKnownFileType = sourcecode.swift; path = JianzhituijianTableCell.swift; sourceTree = "<group>"; };
/* End PBXFileReference section */

/* Begin PBXFrameworksBuildPhase section */
		3EC57AEB1FC2BCB90063C7EA /* Frameworks */ = {
			isa = PBXFrameworksBuildPhase;
			buildActionMask = 2147483647;
			files = (
			);
			runOnlyForDeploymentPostprocessing = 0;
		};
/* End PBXFrameworksBuildPhase section */

/* Begin PBXGroup section */
		3EC57AE51FC2BCB90063C7EA = {
			isa = PBXGroup;
			children = (
				3EC57AF01FC2BCB90063C7EA /* CatPartTimeJob */,
				3EC57AEF1FC2BCB90063C7EA /* Products */,
			);
			sourceTree = "<group>";
		};
		3EC57AEF1FC2BCB90063C7EA /* Products */ = {
			isa = PBXGroup;
			children = (
				3EC57AEE1FC2BCB90063C7EA /* CatPartTimeJob.app */,
			);
			name = Products;
			sourceTree = "<group>";
		};
		3EC57AF01FC2BCB90063C7EA /* CatPartTimeJob */ = {
			isa = PBXGroup;
			children = (
				A029F5B21FC2CF9300E4D8C0 /* Controller */,
				3EC57AF11FC2BCB90063C7EA /* AppDelegate.swift */,
				3EC57AF51FC2BCB90063C7EA /* Main.storyboard */,
				3EC57AFA1FC2BCB90063C7EA /* LaunchScreen.storyboard */,
				3EC57AFD1FC2BCB90063C7EA /* Info.plist */,
				A0EAE3781FD79BC600EE8F27 /* Media.xcassets */,
			);
			path = CatPartTimeJob;
			sourceTree = "<group>";
		};
		A029F5B21FC2CF9300E4D8C0 /* Controller */ = {
			isa = PBXGroup;
			children = (
				3EC57AF31FC2BCB90063C7EA /* ViewController.swift */,
				A0EAE37A1FD7D04900EE8F27 /* HomeController.swift */,
				A0EAE37C1FD7D0D200EE8F27 /* JianzhituijianTableCell.swift */,
			);
			path = Controller;
			sourceTree = "<group>";
		};
/* End PBXGroup section */

/* Begin PBXNativeTarget section */
		3EC57AED1FC2BCB90063C7EA /* CatPartTimeJob */ = {
			isa = PBXNativeTarget;
			buildConfigurationList = 3EC57B001FC2BCB90063C7EA /* Build configuration list for PBXNativeTarget "CatPartTimeJob" */;
			buildPhases = (
				3EC57AEA1FC2BCB90063C7EA /* Sources */,
				3EC57AEB1FC2BCB90063C7EA /* Frameworks */,
				3EC57AEC1FC2BCB90063C7EA /* Resources */,
			);
			buildRules = (
			);
			dependencies = (
			);
			name = CatPartTimeJob;
			productName = CatPartTimeJob;
			productReference = 3EC57AEE1FC2BCB90063C7EA /* CatPartTimeJob.app */;
			productType = "com.apple.product-type.application";
		};
/* End PBXNativeTarget section */

/* Begin PBXProject section */
		3EC57AE61FC2BCB90063C7EA /* Project object */ = {
			isa = PBXProject;
			attributes = {
				LastSwiftUpdateCheck = 0910;
				LastUpgradeCheck = 0910;
				ORGANIZATIONNAME = Remixcat;
				TargetAttributes = {
					3EC57AED1FC2BCB90063C7EA = {
						CreatedOnToolsVersion = 9.1;
						ProvisioningStyle = Automatic;
					};
				};
			};
			buildConfigurationList = 3EC57AE91FC2BCB90063C7EA /* Build configuration list for PBXProject "CatPartTimeJob" */;
			compatibilityVersion = "Xcode 8.0";
			developmentRegion = en;
			hasScannedForEncodings = 0;
			knownRegions = (
				en,
				Base,
			);
			mainGroup = 3EC57AE51FC2BCB90063C7EA;
			productRefGroup = 3EC57AEF1FC2BCB90063C7EA /* Products */;
			projectDirPath = "";
			projectRoot = "";
			targets = (
				3EC57AED1FC2BCB90063C7EA /* CatPartTimeJob */,
			);
		};
/* End PBXProject section */

/* Begin PBXResourcesBuildPhase section */
		3EC57AEC1FC2BCB90063C7EA /* Resources */ = {
			isa = PBXResourcesBuildPhase;
			buildActionMask = 2147483647;
			files = (
				3EC57AFC1FC2BCB90063C7EA /* LaunchScreen.storyboard in Resources */,
				A0EAE3791FD79BC600EE8F27 /* Media.xcassets in Resources */,
				3EC57AF71FC2BCB90063C7EA /* Main.storyboard in Resources */,
			);
			runOnlyForDeploymentPostprocessing = 0;
		};
/* End PBXResourcesBuildPhase section */

/* Begin PBXSourcesBuildPhase section */
		3EC57AEA1FC2BCB90063C7EA /* Sources */ = {
			isa = PBXSourcesBuildPhase;
			buildActionMask = 2147483647;
			files = (
				3EC57AF41FC2BCB90063C7EA /* ViewController.swift in Sources */,
				A0EAE37D1FD7D0D200EE8F27 /* JianzhituijianTableCell.swift in Sources */,
				3EC57AF21FC2BCB90063C7EA /* AppDelegate.swift in Sources */,
				A0EAE37B1FD7D04900EE8F27 /* HomeController.swift in Sources */,
			);
			runOnlyForDeploymentPostprocessing = 0;
		};
/* End PBXSourcesBuildPhase section */

/* Begin PBXVariantGroup section */
		3EC57AF51FC2BCB90063C7EA /* Main.storyboard */ = {
			isa = PBXVariantGroup;
			children = (
				3EC57AF61FC2BCB90063C7EA /* Base */,
			);
			name = Main.storyboard;
			sourceTree = "<group>";
		};
		3EC57AFA1FC2BCB90063C7EA /* LaunchScreen.storyboard */ = {
			isa = PBXVariantGroup;
			children = (
				3EC57AFB1FC2BCB90063C7EA /* Base */,
			);
			name = LaunchScreen.storyboard;
			sourceTree = "<group>";
		};
/* End PBXVariantGroup section */

/* Begin XCBuildConfiguration section */
		3EC57AFE1FC2BCB90063C7EA /* Debug */ = {
			isa = XCBuildConfiguration;
			buildSettings = {
				ALWAYS_SEARCH_USER_PATHS = NO;
				CLANG_ANALYZER_NONNULL = YES;
				CLANG_ANALYZER_NUMBER_OBJECT_CONVERSION = YES_AGGRESSIVE;
				CLANG_CXX_LANGUAGE_STANDARD = "gnu++14";
				CLANG_CXX_LIBRARY = "libc++";
				CLANG_ENABLE_MODULES = YES;
				CLANG_ENABLE_OBJC_ARC = YES;
				CLANG_WARN_BLOCK_CAPTURE_AUTORELEASING = YES;
				CLANG_WARN_BOOL_CONVERSION = YES;
				CLANG_WARN_COMMA = YES;
				CLANG_WARN_CONSTANT_CONVERSION = YES;
				CLANG_WARN_DIRECT_OBJC_ISA_USAGE = YES_ERROR;
				CLANG_WARN_DOCUMENTATION_COMMENTS = YES;
				CLANG_WARN_EMPTY_BODY = YES;
				CLANG_WARN_ENUM_CONVERSION = YES;
				CLANG_WARN_INFINITE_RECURSION = YES;
				CLANG_WARN_INT_CONVERSION = YES;
				CLANG_WARN_NON_LITERAL_NULL_CONVERSION = YES;
				CLANG_WARN_OBJC_LITERAL_CONVERSION = YES;
				CLANG_WARN_OBJC_ROOT_CLASS = YES_ERROR;
				CLANG_WARN_RANGE_LOOP_ANALYSIS = YES;
				CLANG_WARN_STRICT_PROTOTYPES = YES;
				CLANG_WARN_SUSPICIOUS_MOVE = YES;
				CLANG_WARN_UNGUARDED_AVAILABILITY = YES_AGGRESSIVE;
				CLANG_WARN_UNREACHABLE_CODE = YES;
				CLANG_WARN__DUPLICATE_METHOD_MATCH = YES;
				CODE_SIGN_IDENTITY = "iPhone Developer";
				COPY_PHASE_STRIP = NO;
				DEBUG_INFORMATION_FORMAT = dwarf;
				ENABLE_STRICT_OBJC_MSGSEND = YES;
				ENABLE_TESTABILITY = YES;
				GCC_C_LANGUAGE_STANDARD = gnu11;
				GCC_DYNAMIC_NO_PIC = NO;
				GCC_NO_COMMON_BLOCKS = YES;
				GCC_OPTIMIZATION_LEVEL = 0;
				GCC_PREPROCESSOR_DEFINITIONS = (
					"DEBUG=1",
					"$(inherited)",
				);
				GCC_WARN_64_TO_32_BIT_CONVERSION = YES;
				GCC_WARN_ABOUT_RETURN_TYPE = YES_ERROR;
				GCC_WARN_UNDECLARED_SELECTOR = YES;
				GCC_WARN_UNINITIALIZED_AUTOS = YES_AGGRESSIVE;
				GCC_WARN_UNUSED_FUNCTION = YES;
				GCC_WARN_UNUSED_VARIABLE = YES;
				IPHONEOS_DEPLOYMENT_TARGET = 11.1;
				MTL_ENABLE_DEBUG_INFO = YES;
				ONLY_ACTIVE_ARCH = YES;
				SDKROOT = iphoneos;
				SWIFT_ACTIVE_COMPILATION_CONDITIONS = DEBUG;
				SWIFT_OPTIMIZATION_LEVEL = "-Onone";
			};
			name = Debug;
		};
		3EC57AFF1FC2BCB90063C7EA /* Release */ = {
			isa = XCBuildConfiguration;
			buildSettings = {
				ALWAYS_SEARCH_USER_PATHS = NO;
				CLANG_ANALYZER_NONNULL = YES;
				CLANG_ANALYZER_NUMBER_OBJECT_CONVERSION = YES_AGGRESSIVE;
				CLANG_CXX_LANGUAGE_STANDARD = "gnu++14";
				CLANG_CXX_LIBRARY = "libc++";
				CLANG_ENABLE_MODULES = YES;
				CLANG_ENABLE_OBJC_ARC = YES;
				CLANG_WARN_BLOCK_CAPTURE_AUTORELEASING = YES;
				CLANG_WARN_BOOL_CONVERSION = YES;
				CLANG_WARN_COMMA = YES;
				CLANG_WARN_CONSTANT_CONVERSION = YES;
				CLANG_WARN_DIRECT_OBJC_ISA_USAGE = YES_ERROR;
				CLANG_WARN_DOCUMENTATION_COMMENTS = YES;
				CLANG_WARN_EMPTY_BODY = YES;
				CLANG_WARN_ENUM_CONVERSION = YES;
				CLANG_WARN_INFINITE_RECURSION = YES;
				CLANG_WARN_INT_CONVERSION = YES;
				CLANG_WARN_NON_LITERAL_NULL_CONVERSION = YES;
				CLANG_WARN_OBJC_LITERAL_CONVERSION = YES;
				CLANG_WARN_OBJC_ROOT_CLASS = YES_ERROR;
				CLANG_WARN_RANGE_LOOP_ANALYSIS = YES;
				CLANG_WARN_STRICT_PROTOTYPES = YES;
				CLANG_WARN_SUSPICIOUS_MOVE = YES;
				CLANG_WARN_UNGUARDED_AVAILABILITY = YES_AGGRESSIVE;
				CLANG_WARN_UNREACHABLE_CODE = YES;
				CLANG_WARN__DUPLICATE_METHOD_MATCH = YES;
				CODE_SIGN_IDENTITY = "iPhone Developer";
				COPY_PHASE_STRIP = NO;
				DEBUG_INFORMATION_FORMAT = "dwarf-with-dsym";
				ENABLE_NS_ASSERTIONS = NO;
				ENABLE_STRICT_OBJC_MSGSEND = YES;
				GCC_C_LANGUAGE_STANDARD = gnu11;
				GCC_NO_COMMON_BLOCKS = YES;
				GCC_WARN_64_TO_32_BIT_CONVERSION = YES;
				GCC_WARN_ABOUT_RETURN_TYPE = YES_ERROR;
				GCC_WARN_UNDECLARED_SELECTOR = YES;
				GCC_WARN_UNINITIALIZED_AUTOS = YES_AGGRESSIVE;
				GCC_WARN_UNUSED_FUNCTION = YES;
				GCC_WARN_UNUSED_VARIABLE = YES;
				IPHONEOS_DEPLOYMENT_TARGET = 11.1;
				MTL_ENABLE_DEBUG_INFO = NO;
				SDKROOT = iphoneos;
				SWIFT_OPTIMIZATION_LEVEL = "-Owholemodule";
				VALIDATE_PRODUCT = YES;
			};
			name = Release;
		};
		3EC57B011FC2BCB90063C7EA /* Debug */ = {
			isa = XCBuildConfiguration;
			buildSettings = {
				ASSETCATALOG_COMPILER_LAUNCHIMAGE_NAME = LaunchImage;
				CODE_SIGN_STYLE = Automatic;
				DEVELOPMENT_TEAM = 7595BBH37F;
				INFOPLIST_FILE = CatPartTimeJob/Info.plist;
				IPHONEOS_DEPLOYMENT_TARGET = 10.0;
				LD_RUNPATH_SEARCH_PATHS = "$(inherited) @executable_path/Frameworks";
				PRODUCT_BUNDLE_IDENTIFIER = cn.yourcat.CatPartTimeJob;
				PRODUCT_NAME = "$(TARGET_NAME)";
				SWIFT_VERSION = 4.0;
				TARGETED_DEVICE_FAMILY = "1,2";
			};
			name = Debug;
		};
		3EC57B021FC2BCB90063C7EA /* Release */ = {
			isa = XCBuildConfiguration;
			buildSettings = {
				ASSETCATALOG_COMPILER_LAUNCHIMAGE_NAME = LaunchImage;
				CODE_SIGN_STYLE = Automatic;
				DEVELOPMENT_TEAM = 7595BBH37F;
				INFOPLIST_FILE = CatPartTimeJob/Info.plist;
				IPHONEOS_DEPLOYMENT_TARGET = 10.0;
				LD_RUNPATH_SEARCH_PATHS = "$(inherited) @executable_path/Frameworks";
				PRODUCT_BUNDLE_IDENTIFIER = cn.yourcat.CatPartTimeJob;
				PRODUCT_NAME = "$(TARGET_NAME)";
				SWIFT_VERSION = 4.0;
				TARGETED_DEVICE_FAMILY = "1,2";
			};
			name = Release;
		};
/* End XCBuildConfiguration section */

/* Begin XCConfigurationList section */
		3EC57AE91FC2BCB90063C7EA /* Build configuration list for PBXProject "CatPartTimeJob" */ = {
			isa = XCConfigurationList;
			buildConfigurations = (
				3EC57AFE1FC2BCB90063C7EA /* Debug */,
				3EC57AFF1FC2BCB90063C7EA /* Release */,
			);
			defaultConfigurationIsVisible = 0;
			defaultConfigurationName = Release;
		};
		3EC57B001FC2BCB90063C7EA /* Build configuration list for PBXNativeTarget "CatPartTimeJob" */ = {
			isa = XCConfigurationList;
			buildConfigurations = (
				3EC57B011FC2BCB90063C7EA /* Debug */,
				3EC57B021FC2BCB90063C7EA /* Release */,
			);
			defaultConfigurationIsVisible = 0;
			defaultConfigurationName = Release;
		};
/* End XCConfigurationList section */
	};
	rootObject = 3EC57AE61FC2BCB90063C7EA /* Project object */;
}
